
Microsoft Visual Studio Solution File, Format Version 12.00
# Visual Studio 14
VisualStudioVersion = 14.0.25420.1
MinimumVisualStudioVersion = 10.0.40219.1
Project("{8BC9CEB8-8B4A-11D0-8D11-00A0C91BC942}") = "Bola8PROJECT", "Bola8PROJECT\Bola8PROJECT.vcxproj", "{7E71B78C-C86A-490C-9390-7F18A301671B}"
EndProject
Project("{8BC9CEB8-8B4A-11D0-8D11-00A0C91BC942}") = "BulletCollision", "C:\Users\lobix7\Desktop\bullet3-master\build\src\BulletCollision\BulletCollision.vcxproj", "{497291BE-6802-3AE9-88A6-41A681F3A398}"
EndProject
Project("{8BC9CEB8-8B4A-11D0-8D11-00A0C91BC942}") = "BulletDynamics", "C:\Users\lobix7\Desktop\bullet3-master\build\src\BulletDynamics\BulletDynamics.vcxproj", "{82ECDC1C-AB31-3C8B-8EDD-AFAA95CE6120}"
EndProject
Project("{8BC9CEB8-8B4A-11D0-8D11-00A0C91BC942}") = "LinearMath", "C:\Users\lobix7\Desktop\bullet3-master\build\src\LinearMath\LinearMath.vcxproj", "{4E3F8350-C85F-3A98-8EA8-F3913621CADC}"
EndProject
Global
	GlobalSection(SolutionConfigurationPlatforms) = preSolution
		Debug|x64 = Debug|x64
		Debug|x86 = Debug|x86
		MinSizeRel|x64 = MinSizeRel|x64
		MinSizeRel|x86 = MinSizeRel|x86
		Release|x64 = Release|x64
		Release|x86 = Release|x86
		RelWithDebInfo|x64 = RelWithDebInfo|x64
		RelWithDebInfo|x86 = RelWithDebInfo|x86
	EndGlobalSection
	GlobalSection(ProjectConfigurationPlatforms) = postSolution
		{7E71B78C-C86A-490C-9390-7F18A301671B}.Debug|x64.ActiveCfg = Debug|x64
		{7E71B78C-C86A-490C-9390-7F18A301671B}.Debug|x64.Build.0 = Debug|x64
		{7E71B78C-C86A-490C-9390-7F18A301671B}.Debug|x86.ActiveCfg = Debug|Win32
		{7E71B78C-C86A-490C-9390-7F18A301671B}.Debug|x86.Build.0 = Debug|Win32
		{7E71B78C-C86A-490C-9390-7F18A301671B}.MinSizeRel|x64.ActiveCfg = Release|x64
		{7E71B78C-C86A-490C-9390-7F18A301671B}.MinSizeRel|x64.Build.0 = Release|x64
		{7E71B78C-C86A-490C-9390-7F18A301671B}.MinSizeRel|x86.ActiveCfg = Release|Win32
		{7E71B78C-C86A-490C-9390-7F18A301671B}.MinSizeRel|x86.Build.0 = Release|Win32
		{7E71B78C-C86A-490C-9390-7F18A301671B}.Release|x64.ActiveCfg = Release|x64
		{7E71B78C-C86A-490C-9390-7F18A301671B}.Release|x64.Build.0 = Release|x64
		{7E71B78C-C86A-490C-9390-7F18A301671B}.Release|x86.ActiveCfg = Release|Win32
		{7E71B78C-C86A-490C-9390-7F18A301671B}.Release|x86.Build.0 = Release|Win32
		{7E71B78C-C86A-490C-9390-7F18A301671B}.RelWithDebInfo|x64.ActiveCfg = Release|x64
		{7E71B78C-C86A-490C-9390-7F18A301671B}.RelWithDebInfo|x64.Build.0 = Release|x64
		{7E71B78C-C86A-490C-9390-7F18A301671B}.RelWithDebInfo|x86.ActiveCfg = Release|Win32
		{7E71B78C-C86A-490C-9390-7F18A301671B}.RelWithDebInfo|x86.Build.0 = Release|Win32
		{497291BE-6802-3AE9-88A6-41A681F3A398}.Debug|x64.ActiveCfg = Debug|Win32
		{497291BE-6802-3AE9-88A6-41A681F3A398}.Debug|x86.ActiveCfg = Debug|Win32
		{497291BE-6802-3AE9-88A6-41A681F3A398}.Debug|x86.Build.0 = Debug|Win32
		{497291BE-6802-3AE9-88A6-41A681F3A398}.MinSizeRel|x64.ActiveCfg = MinSizeRel|Win32
		{497291BE-6802-3AE9-88A6-41A681F3A398}.MinSizeRel|x86.ActiveCfg = MinSizeRel|Win32
		{497291BE-6802-3AE9-88A6-41A681F3A398}.MinSizeRel|x86.Build.0 = MinSizeRel|Win32
		{497291BE-6802-3AE9-88A6-41A681F3A398}.Release|x64.ActiveCfg = Release|Win32
		{497291BE-6802-3AE9-88A6-41A681F3A398}.Release|x86.ActiveCfg = Release|Win32
		{497291BE-6802-3AE9-88A6-41A681F3A398}.Release|x86.Build.0 = Release|Win32
		{497291BE-6802-3AE9-88A6-41A681F3A398}.RelWithDebInfo|x64.ActiveCfg = RelWithDebInfo|Win32
		{497291BE-6802-3AE9-88A6-41A681F3A398}.RelWithDebInfo|x86.ActiveCfg = RelWithDebInfo|Win32
		{497291BE-6802-3AE9-88A6-41A681F3A398}.RelWithDebInfo|x86.Build.0 = RelWithDebInfo|Win32
		{82ECDC1C-AB31-3C8B-8EDD-AFAA95CE6120}.Debug|x64.ActiveCfg = Debug|Win32
		{82ECDC1C-AB31-3C8B-8EDD-AFAA95CE6120}.Debug|x86.ActiveCfg = Debug|Win32
		{82ECDC1C-AB31-3C8B-8EDD-AFAA95CE6120}.Debug|x86.Build.0 = Debug|Win32
		{82ECDC1C-AB31-3C8B-8EDD-AFAA95CE6120}.MinSizeRel|x64.ActiveCfg = MinSizeRel|Win32
		{82ECDC1C-AB31-3C8B-8EDD-AFAA95CE6120}.MinSizeRel|x86.ActiveCfg = MinSizeRel|Win32
		{82ECDC1C-AB31-3C8B-8EDD-AFAA95CE6120}.MinSizeRel|x86.Build.0 = MinSizeRel|Win32
		{82ECDC1C-AB31-3C8B-8EDD-AFAA95CE6120}.Release|x64.ActiveCfg = Release|Win32
		{82ECDC1C-AB31-3C8B-8EDD-AFAA95CE6120}.Release|x86.ActiveCfg = Release|Win32
		{82ECDC1C-AB31-3C8B-8EDD-AFAA95CE6120}.Release|x86.Build.0 = Release|Win32
		{82ECDC1C-AB31-3C8B-8EDD-AFAA95CE6120}.RelWithDebInfo|x64.ActiveCfg = RelWithDebInfo|Win32
		{82ECDC1C-AB31-3C8B-8EDD-AFAA95CE6120}.RelWithDebInfo|x86.ActiveCfg = RelWithDebInfo|Win32
		{82ECDC1C-AB31-3C8B-8EDD-AFAA95CE6120}.RelWithDebInfo|x86.Build.0 = RelWithDebInfo|Win32
		{4E3F8350-C85F-3A98-8EA8-F3913621CADC}.Debug|x64.ActiveCfg = Debug|Win32
		{4E3F8350-C85F-3A98-8EA8-F3913621CADC}.Debug|x86.ActiveCfg = Debug|Win32
		{4E3F8350-C85F-3A98-8EA8-F3913621CADC}.Debug|x86.Build.0 = Debug|Win32
		{4E3F8350-C85F-3A98-8EA8-F3913621CADC}.MinSizeRel|x64.ActiveCfg = MinSizeRel|Win32
		{4E3F8350-C85F-3A98-8EA8-F3913621CADC}.MinSizeRel|x86.ActiveCfg = MinSizeRel|Win32
		{4E3F8350-C85F-3A98-8EA8-F3913621CADC}.MinSizeRel|x86.Build.0 = MinSizeRel|Win32
		{4E3F8350-C85F-3A98-8EA8-F3913621CADC}.Release|x64.ActiveCfg = Release|Win32
		{4E3F8350-C85F-3A98-8EA8-F3913621CADC}.Release|x86.ActiveCfg = Release|Win32
		{4E3F8350-C85F-3A98-8EA8-F3913621CADC}.Release|x86.Build.0 = Release|Win32
		{4E3F8350-C85F-3A98-8EA8-F3913621CADC}.RelWithDebInfo|x64.ActiveCfg = RelWithDebInfo|Win32
		{4E3F8350-C85F-3A98-8EA8-F3913621CADC}.RelWithDebInfo|x86.ActiveCfg = RelWithDebInfo|Win32
		{4E3F8350-C85F-3A98-8EA8-F3913621CADC}.RelWithDebInfo|x86.Build.0 = RelWithDebInfo|Win32
	EndGlobalSection
	GlobalSection(SolutionProperties) = preSolution
		HideSolutionNode = FALSE
	EndGlobalSection
EndGlobal
